
Microsoft Visual Studio Solution File, Format Version 12.00
# Visual Studio Version 16
VisualStudioVersion = 16.0.30907.101
MinimumVisualStudioVersion = 10.0.40219.1
Project("{2150E333-8FDC-42A3-9474-1A3956D46DE8}") = "1. Presentacion", "1. Presentacion", "{13D51702-76AE-4481-8E7C-E2F967E3DC4F}"
EndProject
Project("{2150E333-8FDC-42A3-9474-1A3956D46DE8}") = "2. Servicios Distribuidos", "2. Servicios Distribuidos", "{9802FF43-6FE6-483C-9D02-8D6D62035BE6}"
EndProject
Project("{2150E333-8FDC-42A3-9474-1A3956D46DE8}") = "3. Aplicacion", "3. Aplicacion", "{47CED8C7-8D7A-4EF1-8A1E-BB94E4FA792F}"
EndProject
Project("{2150E333-8FDC-42A3-9474-1A3956D46DE8}") = "4. Dominio", "4. Dominio", "{FC7BD27E-A4AF-4CF8-8570-B171F1CFB965}"
EndProject
Project("{2150E333-8FDC-42A3-9474-1A3956D46DE8}") = "5. Infraestructura", "5. Infraestructura", "{D35E3272-D760-429E-BEE0-781EE0F67AAB}"
EndProject
Project("{2150E333-8FDC-42A3-9474-1A3956D46DE8}") = "6. Transversal", "6. Transversal", "{48E77A66-CFFA-4BF4-AC74-DE39FCDBC2B0}"
EndProject
Project("{2150E333-8FDC-42A3-9474-1A3956D46DE8}") = "7. Test", "7. Test", "{99AA3E23-399B-4C41-B5F7-BF03342C33C2}"
EndProject
Project("{2150E333-8FDC-42A3-9474-1A3956D46DE8}") = "5.1 Datos", "5.1 Datos", "{FA4A012C-9F94-43D9-A947-4D067B1CB4EE}"
EndProject
Project("{FAE04EC0-301F-11D3-BF4B-00C04F79EFBC}") = "Real.Datos.Interfaces", "Real.Datos.Interfaces\Real.Datos.Interfaces.csproj", "{9AA25DD7-CD75-4E9A-872D-A9C6062AA156}"
EndProject
Project("{FAE04EC0-301F-11D3-BF4B-00C04F79EFBC}") = "Real.Datos.Modelo", "Real.Datos.Modelo\Real.Datos.Modelo.csproj", "{CA571B30-D070-441F-9DC5-295C47858A5D}"
EndProject
Project("{FAE04EC0-301F-11D3-BF4B-00C04F79EFBC}") = "Real.Datos.Repositorio", "Real.Datos.Repositorio\Real.Datos.Repositorio.csproj", "{6D52D4B3-D9E9-49E1-A008-D6B50DFD943B}"
EndProject
Project("{FAE04EC0-301F-11D3-BF4B-00C04F79EFBC}") = "Real.Presentacion.Ioc", "Real.Presentacion.Ioc\Real.Presentacion.Ioc.csproj", "{3D60CF36-CD32-4E4A-BECC-A676E99C361D}"
EndProject
Project("{9A19103F-16F7-4668-BE54-9A1E7A4F7556}") = "Real.Presentacion.Web", "Real.Presentacion.Web\Real.Presentacion.Web.csproj", "{DCD3809F-C3E4-44D3-AD8A-49D4B5293E6F}"
EndProject
Project("{FAE04EC0-301F-11D3-BF4B-00C04F79EFBC}") = "Real.Entidades", "Real.Entidades\Real.Entidades.csproj", "{073F9FE1-5E08-4087-BEF3-D9946C400972}"
EndProject
Project("{FAE04EC0-301F-11D3-BF4B-00C04F79EFBC}") = "Real.Dominio.Entidades", "Real.Dominio.Entidades\Real.Dominio.Entidades.csproj", "{93A196F2-E473-46A8-B5D3-935C903903B5}"
EndProject
Project("{FAE04EC0-301F-11D3-BF4B-00C04F79EFBC}") = "Real.Dominio.RepositorioInterfaces", "Real.Dominio.RepositorioInterfaces\Real.Dominio.RepositorioInterfaces.csproj", "{79880479-0EAD-4C58-A624-DD5DBAED6684}"
EndProject
Project("{FAE04EC0-301F-11D3-BF4B-00C04F79EFBC}") = "Real.Aplicacion.Servicios", "Real.Aplicacion.Servicios\Real.Aplicacion.Servicios.csproj", "{804B1F40-5A82-4183-9FFE-7451793A8295}"
EndProject
Project("{FAE04EC0-301F-11D3-BF4B-00C04F79EFBC}") = "Real.Aplicacion.Interfaces", "Real.Aplicacion.Interfaces\Real.Aplicacion.Interfaces.csproj", "{943B442B-2EC5-48A0-9900-A0C936C22DFF}"
EndProject
Project("{2150E333-8FDC-42A3-9474-1A3956D46DE8}") = "Ioc", "Ioc", "{C7F843C7-D6B7-4E5E-95B9-F11FEBA9B387}"
EndProject
Project("{FAE04EC0-301F-11D3-BF4B-00C04F79EFBC}") = "Real.Servicios", "Real.Servicios\Real.Servicios.csproj", "{0C5E1482-ECBF-48E0-99CF-EE239E6248B2}"
EndProject
Project("{FAE04EC0-301F-11D3-BF4B-00C04F79EFBC}") = "Real.Servicios.Host", "Real.Servicios.Host\Real.Servicios.Host.csproj", "{5523B863-635D-4A25-8015-DE95EFAC54B0}"
EndProject
Project("{FAE04EC0-301F-11D3-BF4B-00C04F79EFBC}") = "Examen", "Examen\Examen.csproj", "{052E3CA3-8815-4945-8669-DC4291FBDE48}"
EndProject
Project("{FAE04EC0-301F-11D3-BF4B-00C04F79EFBC}") = "Real.Servicios.Contratos", "Real.Servicios.Contratos\Real.Servicios.Contratos.csproj", "{7FF279AB-F0A1-48CA-A61B-8F521123479A}"
EndProject
Project("{FAE04EC0-301F-11D3-BF4B-00C04F79EFBC}") = "Real.Servicios.Ioc", "Real.Servicios.Ioc\Real.Servicios.Ioc.csproj", "{0EAE3FDC-F122-4C21-A085-96B6125A5914}"
EndProject
Global
	GlobalSection(SolutionConfigurationPlatforms) = preSolution
		Debug|Any CPU = Debug|Any CPU
		Release|Any CPU = Release|Any CPU
	EndGlobalSection
	GlobalSection(ProjectConfigurationPlatforms) = postSolution
		{9AA25DD7-CD75-4E9A-872D-A9C6062AA156}.Debug|Any CPU.ActiveCfg = Debug|Any CPU
		{9AA25DD7-CD75-4E9A-872D-A9C6062AA156}.Debug|Any CPU.Build.0 = Debug|Any CPU
		{9AA25DD7-CD75-4E9A-872D-A9C6062AA156}.Release|Any CPU.ActiveCfg = Release|Any CPU
		{9AA25DD7-CD75-4E9A-872D-A9C6062AA156}.Release|Any CPU.Build.0 = Release|Any CPU
		{CA571B30-D070-441F-9DC5-295C47858A5D}.Debug|Any CPU.ActiveCfg = Debug|Any CPU
		{CA571B30-D070-441F-9DC5-295C47858A5D}.Debug|Any CPU.Build.0 = Debug|Any CPU
		{CA571B30-D070-441F-9DC5-295C47858A5D}.Release|Any CPU.ActiveCfg = Release|Any CPU
		{CA571B30-D070-441F-9DC5-295C47858A5D}.Release|Any CPU.Build.0 = Release|Any CPU
		{6D52D4B3-D9E9-49E1-A008-D6B50DFD943B}.Debug|Any CPU.ActiveCfg = Debug|Any CPU
		{6D52D4B3-D9E9-49E1-A008-D6B50DFD943B}.Debug|Any CPU.Build.0 = Debug|Any CPU
		{6D52D4B3-D9E9-49E1-A008-D6B50DFD943B}.Release|Any CPU.ActiveCfg = Release|Any CPU
		{6D52D4B3-D9E9-49E1-A008-D6B50DFD943B}.Release|Any CPU.Build.0 = Release|Any CPU
		{3D60CF36-CD32-4E4A-BECC-A676E99C361D}.Debug|Any CPU.ActiveCfg = Debug|Any CPU
		{3D60CF36-CD32-4E4A-BECC-A676E99C361D}.Debug|Any CPU.Build.0 = Debug|Any CPU
		{3D60CF36-CD32-4E4A-BECC-A676E99C361D}.Release|Any CPU.ActiveCfg = Release|Any CPU
		{3D60CF36-CD32-4E4A-BECC-A676E99C361D}.Release|Any CPU.Build.0 = Release|Any CPU
		{DCD3809F-C3E4-44D3-AD8A-49D4B5293E6F}.Debug|Any CPU.ActiveCfg = Debug|Any CPU
		{DCD3809F-C3E4-44D3-AD8A-49D4B5293E6F}.Debug|Any CPU.Build.0 = Debug|Any CPU
		{DCD3809F-C3E4-44D3-AD8A-49D4B5293E6F}.Release|Any CPU.ActiveCfg = Release|Any CPU
		{DCD3809F-C3E4-44D3-AD8A-49D4B5293E6F}.Release|Any CPU.Build.0 = Release|Any CPU
		{073F9FE1-5E08-4087-BEF3-D9946C400972}.Debug|Any CPU.ActiveCfg = Debug|Any CPU
		{073F9FE1-5E08-4087-BEF3-D9946C400972}.Debug|Any CPU.Build.0 = Debug|Any CPU
		{073F9FE1-5E08-4087-BEF3-D9946C400972}.Release|Any CPU.ActiveCfg = Release|Any CPU
		{073F9FE1-5E08-4087-BEF3-D9946C400972}.Release|Any CPU.Build.0 = Release|Any CPU
		{93A196F2-E473-46A8-B5D3-935C903903B5}.Debug|Any CPU.ActiveCfg = Debug|Any CPU
		{93A196F2-E473-46A8-B5D3-935C903903B5}.Debug|Any CPU.Build.0 = Debug|Any CPU
		{93A196F2-E473-46A8-B5D3-935C903903B5}.Release|Any CPU.ActiveCfg = Release|Any CPU
		{93A196F2-E473-46A8-B5D3-935C903903B5}.Release|Any CPU.Build.0 = Release|Any CPU
		{79880479-0EAD-4C58-A624-DD5DBAED6684}.Debug|Any CPU.ActiveCfg = Debug|Any CPU
		{79880479-0EAD-4C58-A624-DD5DBAED6684}.Debug|Any CPU.Build.0 = Debug|Any CPU
		{79880479-0EAD-4C58-A624-DD5DBAED6684}.Release|Any CPU.ActiveCfg = Release|Any CPU
		{79880479-0EAD-4C58-A624-DD5DBAED6684}.Release|Any CPU.Build.0 = Release|Any CPU
		{804B1F40-5A82-4183-9FFE-7451793A8295}.Debug|Any CPU.ActiveCfg = Debug|Any CPU
		{804B1F40-5A82-4183-9FFE-7451793A8295}.Debug|Any CPU.Build.0 = Debug|Any CPU
		{804B1F40-5A82-4183-9FFE-7451793A8295}.Release|Any CPU.ActiveCfg = Release|Any CPU
		{804B1F40-5A82-4183-9FFE-7451793A8295}.Release|Any CPU.Build.0 = Release|Any CPU
		{943B442B-2EC5-48A0-9900-A0C936C22DFF}.Debug|Any CPU.ActiveCfg = Debug|Any CPU
		{943B442B-2EC5-48A0-9900-A0C936C22DFF}.Debug|Any CPU.Build.0 = Debug|Any CPU
		{943B442B-2EC5-48A0-9900-A0C936C22DFF}.Release|Any CPU.ActiveCfg = Release|Any CPU
		{943B442B-2EC5-48A0-9900-A0C936C22DFF}.Release|Any CPU.Build.0 = Release|Any CPU
		{0C5E1482-ECBF-48E0-99CF-EE239E6248B2}.Debug|Any CPU.ActiveCfg = Debug|Any CPU
		{0C5E1482-ECBF-48E0-99CF-EE239E6248B2}.Debug|Any CPU.Build.0 = Debug|Any CPU
		{0C5E1482-ECBF-48E0-99CF-EE239E6248B2}.Release|Any CPU.ActiveCfg = Release|Any CPU
		{0C5E1482-ECBF-48E0-99CF-EE239E6248B2}.Release|Any CPU.Build.0 = Release|Any CPU
		{5523B863-635D-4A25-8015-DE95EFAC54B0}.Debug|Any CPU.ActiveCfg = Debug|Any CPU
		{5523B863-635D-4A25-8015-DE95EFAC54B0}.Debug|Any CPU.Build.0 = Debug|Any CPU
		{5523B863-635D-4A25-8015-DE95EFAC54B0}.Release|Any CPU.ActiveCfg = Release|Any CPU
		{5523B863-635D-4A25-8015-DE95EFAC54B0}.Release|Any CPU.Build.0 = Release|Any CPU
		{052E3CA3-8815-4945-8669-DC4291FBDE48}.Debug|Any CPU.ActiveCfg = Debug|Any CPU
		{052E3CA3-8815-4945-8669-DC4291FBDE48}.Debug|Any CPU.Build.0 = Debug|Any CPU
		{052E3CA3-8815-4945-8669-DC4291FBDE48}.Release|Any CPU.ActiveCfg = Release|Any CPU
		{052E3CA3-8815-4945-8669-DC4291FBDE48}.Release|Any CPU.Build.0 = Release|Any CPU
		{7FF279AB-F0A1-48CA-A61B-8F521123479A}.Debug|Any CPU.ActiveCfg = Debug|Any CPU
		{7FF279AB-F0A1-48CA-A61B-8F521123479A}.Debug|Any CPU.Build.0 = Debug|Any CPU
		{7FF279AB-F0A1-48CA-A61B-8F521123479A}.Release|Any CPU.ActiveCfg = Release|Any CPU
		{7FF279AB-F0A1-48CA-A61B-8F521123479A}.Release|Any CPU.Build.0 = Release|Any CPU
		{0EAE3FDC-F122-4C21-A085-96B6125A5914}.Debug|Any CPU.ActiveCfg = Debug|Any CPU
		{0EAE3FDC-F122-4C21-A085-96B6125A5914}.Debug|Any CPU.Build.0 = Debug|Any CPU
		{0EAE3FDC-F122-4C21-A085-96B6125A5914}.Release|Any CPU.ActiveCfg = Release|Any CPU
		{0EAE3FDC-F122-4C21-A085-96B6125A5914}.Release|Any CPU.Build.0 = Release|Any CPU
	EndGlobalSection
	GlobalSection(SolutionProperties) = preSolution
		HideSolutionNode = FALSE
	EndGlobalSection
	GlobalSection(NestedProjects) = preSolution
		{FA4A012C-9F94-43D9-A947-4D067B1CB4EE} = {D35E3272-D760-429E-BEE0-781EE0F67AAB}
		{9AA25DD7-CD75-4E9A-872D-A9C6062AA156} = {FA4A012C-9F94-43D9-A947-4D067B1CB4EE}
		{CA571B30-D070-441F-9DC5-295C47858A5D} = {FA4A012C-9F94-43D9-A947-4D067B1CB4EE}
		{6D52D4B3-D9E9-49E1-A008-D6B50DFD943B} = {FA4A012C-9F94-43D9-A947-4D067B1CB4EE}
		{3D60CF36-CD32-4E4A-BECC-A676E99C361D} = {13D51702-76AE-4481-8E7C-E2F967E3DC4F}
		{DCD3809F-C3E4-44D3-AD8A-49D4B5293E6F} = {13D51702-76AE-4481-8E7C-E2F967E3DC4F}
		{073F9FE1-5E08-4087-BEF3-D9946C400972} = {48E77A66-CFFA-4BF4-AC74-DE39FCDBC2B0}
		{93A196F2-E473-46A8-B5D3-935C903903B5} = {FC7BD27E-A4AF-4CF8-8570-B171F1CFB965}
		{79880479-0EAD-4C58-A624-DD5DBAED6684} = {FC7BD27E-A4AF-4CF8-8570-B171F1CFB965}
		{804B1F40-5A82-4183-9FFE-7451793A8295} = {47CED8C7-8D7A-4EF1-8A1E-BB94E4FA792F}
		{943B442B-2EC5-48A0-9900-A0C936C22DFF} = {47CED8C7-8D7A-4EF1-8A1E-BB94E4FA792F}
		{C7F843C7-D6B7-4E5E-95B9-F11FEBA9B387} = {9802FF43-6FE6-483C-9D02-8D6D62035BE6}
		{0C5E1482-ECBF-48E0-99CF-EE239E6248B2} = {9802FF43-6FE6-483C-9D02-8D6D62035BE6}
		{5523B863-635D-4A25-8015-DE95EFAC54B0} = {9802FF43-6FE6-483C-9D02-8D6D62035BE6}
		{052E3CA3-8815-4945-8669-DC4291FBDE48} = {13D51702-76AE-4481-8E7C-E2F967E3DC4F}
		{7FF279AB-F0A1-48CA-A61B-8F521123479A} = {9802FF43-6FE6-483C-9D02-8D6D62035BE6}
		{0EAE3FDC-F122-4C21-A085-96B6125A5914} = {C7F843C7-D6B7-4E5E-95B9-F11FEBA9B387}
	EndGlobalSection
	GlobalSection(ExtensibilityGlobals) = postSolution
		SolutionGuid = {9BB398F7-357A-4FCB-AB5B-1913D4A3F28D}
		EnterpriseLibraryConfigurationToolBinariesPathV6 = packages\EnterpriseLibrary.Common.6.0.1304.0\lib\NET45;packages\EnterpriseLibrary.ExceptionHandling.6.0.1304.0\lib\NET45;packages\EnterpriseLibrary.ExceptionHandling.WCF.6.0.1304.0\lib\NET45
	EndGlobalSection
EndGlobal
